// !$*UTF8*$!
{
	archiveVersion = 1;
	classes = {
	};
	objectVersion = 46;
	objects = {

/* Begin PBXBuildFile section */
		07672AC3204E1BB800141B17 /* LaunchScreen.storyboard in Resources */ = {isa = PBXBuildFile; fileRef = 07672AC2204E1BB800141B17 /* LaunchScreen.storyboard */; };
		07BC26052055F84E0008ED92 /* ColorChooser.swift in Sources */ = {isa = PBXBuildFile; fileRef = 07BC26042055F84E0008ED92 /* ColorChooser.swift */; };
		07FFCF1E204A181100885B3E /* envVars.swift in Sources */ = {isa = PBXBuildFile; fileRef = 07FFCF1D204A181100885B3E /* envVars.swift */; };
		474387362637CE692A4DA7B6 /* Pods_VirtualSPFTests.framework in Frameworks */ = {isa = PBXBuildFile; fileRef = 9C80993FD9214AA9FF8721D5 /* Pods_VirtualSPFTests.framework */; };
		750138FC1EDAF078008FB7B9 /* explainationViewTests.swift in Sources */ = {isa = PBXBuildFile; fileRef = 750138FB1EDAF078008FB7B9 /* explainationViewTests.swift */; };
		750138FE1EDAF098008FB7B9 /* infoTest.swift in Sources */ = {isa = PBXBuildFile; fileRef = 750138FD1EDAF098008FB7B9 /* infoTest.swift */; };
		75AABEBC1B65A98B004E545E /* AppDelegate.swift in Sources */ = {isa = PBXBuildFile; fileRef = 75AABEBB1B65A98B004E545E /* AppDelegate.swift */; };
		75AABEBE1B65A98B004E545E /* ViewController.swift in Sources */ = {isa = PBXBuildFile; fileRef = 75AABEBD1B65A98B004E545E /* ViewController.swift */; };
		75AABEC11B65A98B004E545E /* Main.storyboard in Resources */ = {isa = PBXBuildFile; fileRef = 75AABEBF1B65A98B004E545E /* Main.storyboard */; };
		75AABEC31B65A98B004E545E /* Images.xcassets in Resources */ = {isa = PBXBuildFile; fileRef = 75AABEC21B65A98B004E545E /* Images.xcassets */; };
		75AABEEE1B6684EF004E545E /* (null) in Embed Frameworks */ = {isa = PBXBuildFile; settings = {ATTRIBUTES = (CodeSignOnCopy, RemoveHeadersOnCopy, ); }; };
		75AABEF11B66A0C8004E545E /* UIColorExtension.swift in Sources */ = {isa = PBXBuildFile; fileRef = 75AABEF01B66A0C8004E545E /* UIColorExtension.swift */; };
		75AABF081B67DD0F004E545E /* MainCell.swift in Sources */ = {isa = PBXBuildFile; fileRef = 75AABF071B67DD0F004E545E /* MainCell.swift */; };
		75AABF0C1B6814FA004E545E /* CoreLocation.framework in Frameworks */ = {isa = PBXBuildFile; fileRef = 75AABF0B1B6814FA004E545E /* CoreLocation.framework */; };
		75AABF0F1B6819F5004E545E /* iAd.framework in Frameworks */ = {isa = PBXBuildFile; fileRef = 75AABF0E1B6819F5004E545E /* iAd.framework */; };
		75AABF141B683182004E545E /* info.swift in Sources */ = {isa = PBXBuildFile; fileRef = 75AABF131B683182004E545E /* info.swift */; };
		75FFA0191EDA702E008E8114 /* mainViewControllerTests.swift in Sources */ = {isa = PBXBuildFile; fileRef = 75FFA0181EDA702E008E8114 /* mainViewControllerTests.swift */; };
		8B43B3961F8287CE00E1B7FE /* explainationView.swift in Sources */ = {isa = PBXBuildFile; fileRef = 75AABF111B681BE3004E545E /* explainationView.swift */; };
		8B43B39E1F829B8200E1B7FE /* timeConverter.swift in Sources */ = {isa = PBXBuildFile; fileRef = 8B43B39D1F829B8200E1B7FE /* timeConverter.swift */; };
		8B43B3A01F82A90200E1B7FE /* BaseViewController.swift in Sources */ = {isa = PBXBuildFile; fileRef = 8B43B39F1F82A90200E1B7FE /* BaseViewController.swift */; };
		8B43B3A21F82A96800E1B7FE /* Constants.swift in Sources */ = {isa = PBXBuildFile; fileRef = 8B43B3A11F82A96800E1B7FE /* Constants.swift */; };
		8B43B3A41F82CBBA00E1B7FE /* sampleEnvVars.swift in Sources */ = {isa = PBXBuildFile; fileRef = 8B43B3A31F82CBBA00E1B7FE /* sampleEnvVars.swift */; };
		8B43B3A61F82CD7B00E1B7FE /* weatherModel.swift in Sources */ = {isa = PBXBuildFile; fileRef = 8B43B3A51F82CD7B00E1B7FE /* weatherModel.swift */; };
		8B957DB8204D954500D0E8D0 /* Colors.swift in Sources */ = {isa = PBXBuildFile; fileRef = 8B957DB7204D954500D0E8D0 /* Colors.swift */; };
		8BA49D4D204D9CD3002FBC0E /* Explainations.swift in Sources */ = {isa = PBXBuildFile; fileRef = 8BA49D4C204D9CD3002FBC0E /* Explainations.swift */; };
		EA9EC64A02ED988EA3883746 /* Pods_VirtualSPF.framework in Frameworks */ = {isa = PBXBuildFile; fileRef = 7E577BDBB5FFD82FE218F465 /* Pods_VirtualSPF.framework */; };
/* End PBXBuildFile section */

/* Begin PBXContainerItemProxy section */
		75FFA01B1EDA702E008E8114 /* PBXContainerItemProxy */ = {
			isa = PBXContainerItemProxy;
			containerPortal = 75AABEAE1B65A98B004E545E /* Project object */;
			proxyType = 1;
			remoteGlobalIDString = 75AABEB51B65A98B004E545E;
			remoteInfo = VirtualSPF;
		};
/* End PBXContainerItemProxy section */

/* Begin PBXCopyFilesBuildPhase section */
		75AABEEF1B6684EF004E545E /* Embed Frameworks */ = {
			isa = PBXCopyFilesBuildPhase;
			buildActionMask = 2147483647;
			dstPath = "";
			dstSubfolderSpec = 10;
			files = (
				75AABEEE1B6684EF004E545E /* (null) in Embed Frameworks */,
			);
			name = "Embed Frameworks";
			runOnlyForDeploymentPostprocessing = 0;
		};
/* End PBXCopyFilesBuildPhase section */

/* Begin PBXFileReference section */
		07672AC2204E1BB800141B17 /* LaunchScreen.storyboard */ = {isa = PBXFileReference; lastKnownFileType = file.storyboard; path = LaunchScreen.storyboard; sourceTree = "<group>"; };
		07BC26042055F84E0008ED92 /* ColorChooser.swift */ = {isa = PBXFileReference; lastKnownFileType = sourcecode.swift; path = ColorChooser.swift; sourceTree = "<group>"; };
		07FFCF1D204A181100885B3E /* envVars.swift */ = {isa = PBXFileReference; lastKnownFileType = sourcecode.swift; path = envVars.swift; sourceTree = "<group>"; };
		35731168A6B979C593462EDA /* Pods-VirtualSPF.debug.xcconfig */ = {isa = PBXFileReference; includeInIndex = 1; lastKnownFileType = text.xcconfig; name = "Pods-VirtualSPF.debug.xcconfig"; path = "Pods/Target Support Files/Pods-VirtualSPF/Pods-VirtualSPF.debug.xcconfig"; sourceTree = "<group>"; };
		750138FB1EDAF078008FB7B9 /* explainationViewTests.swift */ = {isa = PBXFileReference; fileEncoding = 4; lastKnownFileType = sourcecode.swift; path = explainationViewTests.swift; sourceTree = "<group>"; };
		750138FD1EDAF098008FB7B9 /* infoTest.swift */ = {isa = PBXFileReference; fileEncoding = 4; lastKnownFileType = sourcecode.swift; path = infoTest.swift; sourceTree = "<group>"; };
		75AABEB61B65A98B004E545E /* VirtualSPF.app */ = {isa = PBXFileReference; explicitFileType = wrapper.application; includeInIndex = 0; path = VirtualSPF.app; sourceTree = BUILT_PRODUCTS_DIR; };
		75AABEBA1B65A98B004E545E /* Info.plist */ = {isa = PBXFileReference; lastKnownFileType = text.plist.xml; path = Info.plist; sourceTree = "<group>"; };
		75AABEBB1B65A98B004E545E /* AppDelegate.swift */ = {isa = PBXFileReference; lastKnownFileType = sourcecode.swift; path = AppDelegate.swift; sourceTree = "<group>"; };
		75AABEBD1B65A98B004E545E /* ViewController.swift */ = {isa = PBXFileReference; lastKnownFileType = sourcecode.swift; path = ViewController.swift; sourceTree = "<group>"; };
		75AABEC01B65A98B004E545E /* Base */ = {isa = PBXFileReference; lastKnownFileType = file.storyboard; name = Base; path = Base.lproj/Main.storyboard; sourceTree = "<group>"; };
		75AABEC21B65A98B004E545E /* Images.xcassets */ = {isa = PBXFileReference; lastKnownFileType = folder.assetcatalog; path = Images.xcassets; sourceTree = "<group>"; };
		75AABEDB1B65C264004E545E /* SwiftHTTP.framework */ = {isa = PBXFileReference; lastKnownFileType = wrapper.framework; name = SwiftHTTP.framework; path = "Pods/../build/Debug-iphoneos/SwiftHTTP.framework"; sourceTree = "<group>"; };
		75AABEF01B66A0C8004E545E /* UIColorExtension.swift */ = {isa = PBXFileReference; fileEncoding = 4; lastKnownFileType = sourcecode.swift; path = UIColorExtension.swift; sourceTree = "<group>"; };
		75AABF071B67DD0F004E545E /* MainCell.swift */ = {isa = PBXFileReference; fileEncoding = 4; lastKnownFileType = sourcecode.swift; path = MainCell.swift; sourceTree = "<group>"; };
		75AABF0B1B6814FA004E545E /* CoreLocation.framework */ = {isa = PBXFileReference; lastKnownFileType = wrapper.framework; name = CoreLocation.framework; path = System/Library/Frameworks/CoreLocation.framework; sourceTree = SDKROOT; };
		75AABF0E1B6819F5004E545E /* iAd.framework */ = {isa = PBXFileReference; lastKnownFileType = wrapper.framework; name = iAd.framework; path = System/Library/Frameworks/iAd.framework; sourceTree = SDKROOT; };
		75AABF111B681BE3004E545E /* explainationView.swift */ = {isa = PBXFileReference; fileEncoding = 4; lastKnownFileType = sourcecode.swift; path = explainationView.swift; sourceTree = "<group>"; };
		75AABF131B683182004E545E /* info.swift */ = {isa = PBXFileReference; fileEncoding = 4; lastKnownFileType = sourcecode.swift; path = info.swift; sourceTree = "<group>"; };
		75FFA0161EDA702E008E8114 /* VirtualSPFTests.xctest */ = {isa = PBXFileReference; explicitFileType = wrapper.cfbundle; includeInIndex = 0; path = VirtualSPFTests.xctest; sourceTree = BUILT_PRODUCTS_DIR; };
		75FFA0181EDA702E008E8114 /* mainViewControllerTests.swift */ = {isa = PBXFileReference; lastKnownFileType = sourcecode.swift; path = mainViewControllerTests.swift; sourceTree = "<group>"; };
		75FFA01A1EDA702E008E8114 /* Info.plist */ = {isa = PBXFileReference; lastKnownFileType = text.plist.xml; path = Info.plist; sourceTree = "<group>"; };
		7E577BDBB5FFD82FE218F465 /* Pods_VirtualSPF.framework */ = {isa = PBXFileReference; explicitFileType = wrapper.framework; includeInIndex = 0; path = Pods_VirtualSPF.framework; sourceTree = BUILT_PRODUCTS_DIR; };
		8B43B39D1F829B8200E1B7FE /* timeConverter.swift */ = {isa = PBXFileReference; lastKnownFileType = sourcecode.swift; path = timeConverter.swift; sourceTree = "<group>"; };
		8B43B39F1F82A90200E1B7FE /* BaseViewController.swift */ = {isa = PBXFileReference; lastKnownFileType = sourcecode.swift; path = BaseViewController.swift; sourceTree = "<group>"; };
		8B43B3A11F82A96800E1B7FE /* Constants.swift */ = {isa = PBXFileReference; lastKnownFileType = sourcecode.swift; path = Constants.swift; sourceTree = "<group>"; };
		8B43B3A31F82CBBA00E1B7FE /* sampleEnvVars.swift */ = {isa = PBXFileReference; lastKnownFileType = sourcecode.swift; path = sampleEnvVars.swift; sourceTree = "<group>"; };
		8B43B3A51F82CD7B00E1B7FE /* weatherModel.swift */ = {isa = PBXFileReference; lastKnownFileType = sourcecode.swift; path = weatherModel.swift; sourceTree = "<group>"; };
		8B957DB7204D954500D0E8D0 /* Colors.swift */ = {isa = PBXFileReference; lastKnownFileType = sourcecode.swift; path = Colors.swift; sourceTree = "<group>"; };
		8BA49D4C204D9CD3002FBC0E /* Explainations.swift */ = {isa = PBXFileReference; lastKnownFileType = sourcecode.swift; path = Explainations.swift; sourceTree = "<group>"; };
		8D9D14418DBED009F0A10B6C /* Pods-VirtualSPFTests.release.xcconfig */ = {isa = PBXFileReference; includeInIndex = 1; lastKnownFileType = text.xcconfig; name = "Pods-VirtualSPFTests.release.xcconfig"; path = "Pods/Target Support Files/Pods-VirtualSPFTests/Pods-VirtualSPFTests.release.xcconfig"; sourceTree = "<group>"; };
		9C54844C95474E9FFFD77573 /* Pods-VirtualSPFTests.debug.xcconfig */ = {isa = PBXFileReference; includeInIndex = 1; lastKnownFileType = text.xcconfig; name = "Pods-VirtualSPFTests.debug.xcconfig"; path = "Pods/Target Support Files/Pods-VirtualSPFTests/Pods-VirtualSPFTests.debug.xcconfig"; sourceTree = "<group>"; };
		9C80993FD9214AA9FF8721D5 /* Pods_VirtualSPFTests.framework */ = {isa = PBXFileReference; explicitFileType = wrapper.framework; includeInIndex = 0; path = Pods_VirtualSPFTests.framework; sourceTree = BUILT_PRODUCTS_DIR; };
		B5447F8761D6943C5372B758 /* Pods-VirtualSPF.release.xcconfig */ = {isa = PBXFileReference; includeInIndex = 1; lastKnownFileType = text.xcconfig; name = "Pods-VirtualSPF.release.xcconfig"; path = "Pods/Target Support Files/Pods-VirtualSPF/Pods-VirtualSPF.release.xcconfig"; sourceTree = "<group>"; };
/* End PBXFileReference section */

/* Begin PBXFrameworksBuildPhase section */
		75AABEB31B65A98B004E545E /* Frameworks */ = {
			isa = PBXFrameworksBuildPhase;
			buildActionMask = 2147483647;
			files = (
				75AABF0F1B6819F5004E545E /* iAd.framework in Frameworks */,
				75AABF0C1B6814FA004E545E /* CoreLocation.framework in Frameworks */,
				EA9EC64A02ED988EA3883746 /* Pods_VirtualSPF.framework in Frameworks */,
			);
			runOnlyForDeploymentPostprocessing = 0;
		};
		75FFA0131EDA702E008E8114 /* Frameworks */ = {
			isa = PBXFrameworksBuildPhase;
			buildActionMask = 2147483647;
			files = (
				474387362637CE692A4DA7B6 /* Pods_VirtualSPFTests.framework in Frameworks */,
			);
			runOnlyForDeploymentPostprocessing = 0;
		};
/* End PBXFrameworksBuildPhase section */

/* Begin PBXGroup section */
		0B4F1D8C7EB12B5690B9C7E5 /* Pods */ = {
			isa = PBXGroup;
			children = (
				35731168A6B979C593462EDA /* Pods-VirtualSPF.debug.xcconfig */,
				B5447F8761D6943C5372B758 /* Pods-VirtualSPF.release.xcconfig */,
				9C54844C95474E9FFFD77573 /* Pods-VirtualSPFTests.debug.xcconfig */,
				8D9D14418DBED009F0A10B6C /* Pods-VirtualSPFTests.release.xcconfig */,
			);
			name = Pods;
			sourceTree = "<group>";
		};
		5E97B902FF3CAFD330991CD7 /* Frameworks */ = {
			isa = PBXGroup;
			children = (
				75AABF0E1B6819F5004E545E /* iAd.framework */,
				75AABF0B1B6814FA004E545E /* CoreLocation.framework */,
				75AABEDB1B65C264004E545E /* SwiftHTTP.framework */,
				7E577BDBB5FFD82FE218F465 /* Pods_VirtualSPF.framework */,
				9C80993FD9214AA9FF8721D5 /* Pods_VirtualSPFTests.framework */,
			);
			name = Frameworks;
			sourceTree = "<group>";
		};
		75AABEAD1B65A98B004E545E = {
			isa = PBXGroup;
			children = (
				75AABEB81B65A98B004E545E /* VirtualSPF */,
				75FFA0171EDA702E008E8114 /* VirtualSPFTests */,
				75AABEB71B65A98B004E545E /* Products */,
				5E97B902FF3CAFD330991CD7 /* Frameworks */,
				0B4F1D8C7EB12B5690B9C7E5 /* Pods */,
			);
			sourceTree = "<group>";
		};
		75AABEB71B65A98B004E545E /* Products */ = {
			isa = PBXGroup;
			children = (
				75AABEB61B65A98B004E545E /* VirtualSPF.app */,
				75FFA0161EDA702E008E8114 /* VirtualSPFTests.xctest */,
			);
			name = Products;
			sourceTree = "<group>";
		};
		75AABEB81B65A98B004E545E /* VirtualSPF */ = {
			isa = PBXGroup;
			children = (
				8BA49D4B204D9AC6002FBC0E /* Constants */,
				75AABF101B681BC5004E545E /* Main Classes */,
				75AABF0D1B6818F7004E545E /* Misc Classes */,
				75AABF061B67DCE7004E545E /* Cell Classes */,
				75AABEBF1B65A98B004E545E /* Main.storyboard */,
				07672AC2204E1BB800141B17 /* LaunchScreen.storyboard */,
				75AABEB91B65A98B004E545E /* Supporting Files */,
			);
			path = VirtualSPF;
			sourceTree = "<group>";
		};
		75AABEB91B65A98B004E545E /* Supporting Files */ = {
			isa = PBXGroup;
			children = (
				75AABEBB1B65A98B004E545E /* AppDelegate.swift */,
				75AABEBA1B65A98B004E545E /* Info.plist */,
			);
			name = "Supporting Files";
			sourceTree = "<group>";
		};
		75AABF061B67DCE7004E545E /* Cell Classes */ = {
			isa = PBXGroup;
			children = (
				75AABF071B67DD0F004E545E /* MainCell.swift */,
			);
			name = "Cell Classes";
			sourceTree = "<group>";
		};
		75AABF0D1B6818F7004E545E /* Misc Classes */ = {
			isa = PBXGroup;
			children = (
				75AABEF01B66A0C8004E545E /* UIColorExtension.swift */,
				75AABEC21B65A98B004E545E /* Images.xcassets */,
			);
			name = "Misc Classes";
			sourceTree = "<group>";
		};
		75AABF101B681BC5004E545E /* Main Classes */ = {
			isa = PBXGroup;
			children = (
				8B9F01901F8284800099B2DE /* Models */,
				8B43B39F1F82A90200E1B7FE /* BaseViewController.swift */,
				75AABEBD1B65A98B004E545E /* ViewController.swift */,
				75AABF111B681BE3004E545E /* explainationView.swift */,
				75AABF131B683182004E545E /* info.swift */,
			);
			name = "Main Classes";
			sourceTree = "<group>";
		};
		75FFA0171EDA702E008E8114 /* VirtualSPFTests */ = {
			isa = PBXGroup;
			children = (
				750138FB1EDAF078008FB7B9 /* explainationViewTests.swift */,
				75FFA0181EDA702E008E8114 /* mainViewControllerTests.swift */,
				750138FD1EDAF098008FB7B9 /* infoTest.swift */,
				75FFA01A1EDA702E008E8114 /* Info.plist */,
			);
			path = VirtualSPFTests;
			sourceTree = "<group>";
		};
		8B9F01901F8284800099B2DE /* Models */ = {
			isa = PBXGroup;
			children = (
				8B43B39D1F829B8200E1B7FE /* timeConverter.swift */,
				8B43B3A51F82CD7B00E1B7FE /* weatherModel.swift */,
				07BC26042055F84E0008ED92 /* ColorChooser.swift */,
			);
			name = Models;
			sourceTree = "<group>";
		};
		8BA49D4B204D9AC6002FBC0E /* Constants */ = {
			isa = PBXGroup;
			children = (
				8B43B3A31F82CBBA00E1B7FE /* sampleEnvVars.swift */,
				07FFCF1D204A181100885B3E /* envVars.swift */,
				8B957DB7204D954500D0E8D0 /* Colors.swift */,
				8B43B3A11F82A96800E1B7FE /* Constants.swift */,
				8BA49D4C204D9CD3002FBC0E /* Explainations.swift */,
			);
			name = Constants;
			sourceTree = "<group>";
		};
/* End PBXGroup section */

/* Begin PBXNativeTarget section */
		75AABEB51B65A98B004E545E /* VirtualSPF */ = {
			isa = PBXNativeTarget;
			buildConfigurationList = 75AABED51B65A98B004E545E /* Build configuration list for PBXNativeTarget "VirtualSPF" */;
			buildPhases = (
				1E07C4D17B99A93044F782CF /* [CP] Check Pods Manifest.lock */,
				75AABEB21B65A98B004E545E /* Sources */,
				75AABEB31B65A98B004E545E /* Frameworks */,
				75AABEB41B65A98B004E545E /* Resources */,
				75AABEEF1B6684EF004E545E /* Embed Frameworks */,
				7555AFC71EDA58F100112C72 /* Run Swiftlint */,
				90D33179A4B39305F83E8871 /* [CP] Embed Pods Frameworks */,
				234740CB7178A42104C3C001 /* [CP] Copy Pods Resources */,
			);
			buildRules = (
			);
			dependencies = (
			);
			name = VirtualSPF;
			productName = VirtualSPF;
			productReference = 75AABEB61B65A98B004E545E /* VirtualSPF.app */;
			productType = "com.apple.product-type.application";
		};
		75FFA0151EDA702E008E8114 /* VirtualSPFTests */ = {
			isa = PBXNativeTarget;
			buildConfigurationList = 75FFA01F1EDA702E008E8114 /* Build configuration list for PBXNativeTarget "VirtualSPFTests" */;
			buildPhases = (
				44CB7C0DD35183D5869CEC07 /* [CP] Check Pods Manifest.lock */,
				75FFA0121EDA702E008E8114 /* Sources */,
				75FFA0131EDA702E008E8114 /* Frameworks */,
				75FFA0141EDA702E008E8114 /* Resources */,
				30B511517875CBA69F43E74A /* [CP] Embed Pods Frameworks */,
				3495ACDBECC5F83FC293FACA /* [CP] Copy Pods Resources */,
			);
			buildRules = (
			);
			dependencies = (
				75FFA01C1EDA702E008E8114 /* PBXTargetDependency */,
			);
			name = VirtualSPFTests;
			productName = VirtualSPFTests;
			productReference = 75FFA0161EDA702E008E8114 /* VirtualSPFTests.xctest */;
			productType = "com.apple.product-type.bundle.unit-test";
		};
/* End PBXNativeTarget section */

/* Begin PBXProject section */
		75AABEAE1B65A98B004E545E /* Project object */ = {
			isa = PBXProject;
			attributes = {
				LastSwiftUpdateCheck = 0830;
				LastUpgradeCheck = 1000;
				ORGANIZATIONNAME = "Brett Mcisaac";
				TargetAttributes = {
					75AABEB51B65A98B004E545E = {
						CreatedOnToolsVersion = 6.4;
						DevelopmentTeam = RZQ9YBJK4A;
						LastSwiftMigration = 0900;
					};
					75FFA0151EDA702E008E8114 = {
						CreatedOnToolsVersion = 8.3.2;
						DevelopmentTeam = RZQ9YBJK4A;
						LastSwiftMigration = 0900;
						ProvisioningStyle = Automatic;
						TestTargetID = 75AABEB51B65A98B004E545E;
					};
				};
			};
			buildConfigurationList = 75AABEB11B65A98B004E545E /* Build configuration list for PBXProject "VirtualSPF" */;
			compatibilityVersion = "Xcode 3.2";
			developmentRegion = English;
			hasScannedForEncodings = 0;
			knownRegions = (
				en,
				Base,
			);
			mainGroup = 75AABEAD1B65A98B004E545E;
			productRefGroup = 75AABEB71B65A98B004E545E /* Products */;
			projectDirPath = "";
			projectRoot = "";
			targets = (
				75AABEB51B65A98B004E545E /* VirtualSPF */,
				75FFA0151EDA702E008E8114 /* VirtualSPFTests */,
			);
		};
/* End PBXProject section */

/* Begin PBXResourcesBuildPhase section */
		75AABEB41B65A98B004E545E /* Resources */ = {
			isa = PBXResourcesBuildPhase;
			buildActionMask = 2147483647;
			files = (
				75AABEC11B65A98B004E545E /* Main.storyboard in Resources */,
				07672AC3204E1BB800141B17 /* LaunchScreen.storyboard in Resources */,
				75AABEC31B65A98B004E545E /* Images.xcassets in Resources */,
			);
			runOnlyForDeploymentPostprocessing = 0;
		};
		75FFA0141EDA702E008E8114 /* Resources */ = {
			isa = PBXResourcesBuildPhase;
			buildActionMask = 2147483647;
			files = (
			);
			runOnlyForDeploymentPostprocessing = 0;
		};
/* End PBXResourcesBuildPhase section */

/* Begin PBXShellScriptBuildPhase section */
		1E07C4D17B99A93044F782CF /* [CP] Check Pods Manifest.lock */ = {
			isa = PBXShellScriptBuildPhase;
			buildActionMask = 2147483647;
			files = (
			);
			inputPaths = (
				"${PODS_PODFILE_DIR_PATH}/Podfile.lock",
				"${PODS_ROOT}/Manifest.lock",
			);
			name = "[CP] Check Pods Manifest.lock";
			outputPaths = (
				"$(DERIVED_FILE_DIR)/Pods-VirtualSPF-checkManifestLockResult.txt",
			);
			runOnlyForDeploymentPostprocessing = 0;
			shellPath = /bin/sh;
			shellScript = "diff \"${PODS_PODFILE_DIR_PATH}/Podfile.lock\" \"${PODS_ROOT}/Manifest.lock\" > /dev/null\nif [ $? != 0 ] ; then\n    # print error to STDERR\n    echo \"error: The sandbox is not in sync with the Podfile.lock. Run 'pod install' or update your CocoaPods installation.\" >&2\n    exit 1\nfi\n# This output is used by Xcode 'outputs' to avoid re-running this script phase.\necho \"SUCCESS\" > \"${SCRIPT_OUTPUT_FILE_0}\"\n";
			showEnvVarsInLog = 0;
		};
		234740CB7178A42104C3C001 /* [CP] Copy Pods Resources */ = {
			isa = PBXShellScriptBuildPhase;
			buildActionMask = 2147483647;
			files = (
			);
			inputPaths = (
			);
			name = "[CP] Copy Pods Resources";
			outputPaths = (
			);
			runOnlyForDeploymentPostprocessing = 0;
			shellPath = /bin/sh;
			shellScript = "\"${SRCROOT}/Pods/Target Support Files/Pods-VirtualSPF/Pods-VirtualSPF-resources.sh\"\n";
			showEnvVarsInLog = 0;
		};
		30B511517875CBA69F43E74A /* [CP] Embed Pods Frameworks */ = {
			isa = PBXShellScriptBuildPhase;
			buildActionMask = 2147483647;
			files = (
			);
			inputPaths = (
				"${SRCROOT}/Pods/Target Support Files/Pods-VirtualSPFTests/Pods-VirtualSPFTests-frameworks.sh",
				"${BUILT_PRODUCTS_DIR}/Nimble/Nimble.framework",
				"${BUILT_PRODUCTS_DIR}/Quick/Quick.framework",
			);
			name = "[CP] Embed Pods Frameworks";
			outputPaths = (
				"${TARGET_BUILD_DIR}/${FRAMEWORKS_FOLDER_PATH}/Nimble.framework",
				"${TARGET_BUILD_DIR}/${FRAMEWORKS_FOLDER_PATH}/Quick.framework",
			);
			runOnlyForDeploymentPostprocessing = 0;
			shellPath = /bin/sh;
			shellScript = "\"${SRCROOT}/Pods/Target Support Files/Pods-VirtualSPFTests/Pods-VirtualSPFTests-frameworks.sh\"\n";
			showEnvVarsInLog = 0;
		};
		3495ACDBECC5F83FC293FACA /* [CP] Copy Pods Resources */ = {
			isa = PBXShellScriptBuildPhase;
			buildActionMask = 2147483647;
			files = (
			);
			inputPaths = (
			);
			name = "[CP] Copy Pods Resources";
			outputPaths = (
			);
			runOnlyForDeploymentPostprocessing = 0;
			shellPath = /bin/sh;
			shellScript = "\"${SRCROOT}/Pods/Target Support Files/Pods-VirtualSPFTests/Pods-VirtualSPFTests-resources.sh\"\n";
			showEnvVarsInLog = 0;
		};
		44CB7C0DD35183D5869CEC07 /* [CP] Check Pods Manifest.lock */ = {
			isa = PBXShellScriptBuildPhase;
			buildActionMask = 2147483647;
			files = (
			);
			inputPaths = (
				"${PODS_PODFILE_DIR_PATH}/Podfile.lock",
				"${PODS_ROOT}/Manifest.lock",
			);
			name = "[CP] Check Pods Manifest.lock";
			outputPaths = (
				"$(DERIVED_FILE_DIR)/Pods-VirtualSPFTests-checkManifestLockResult.txt",
			);
			runOnlyForDeploymentPostprocessing = 0;
			shellPath = /bin/sh;
			shellScript = "diff \"${PODS_PODFILE_DIR_PATH}/Podfile.lock\" \"${PODS_ROOT}/Manifest.lock\" > /dev/null\nif [ $? != 0 ] ; then\n    # print error to STDERR\n    echo \"error: The sandbox is not in sync with the Podfile.lock. Run 'pod install' or update your CocoaPods installation.\" >&2\n    exit 1\nfi\n# This output is used by Xcode 'outputs' to avoid re-running this script phase.\necho \"SUCCESS\" > \"${SCRIPT_OUTPUT_FILE_0}\"\n";
			showEnvVarsInLog = 0;
		};
		7555AFC71EDA58F100112C72 /* Run Swiftlint */ = {
			isa = PBXShellScriptBuildPhase;
			buildActionMask = 2147483647;
			files = (
			);
			inputPaths = (
			);
			name = "Run Swiftlint";
			outputPaths = (
			);
			runOnlyForDeploymentPostprocessing = 0;
			shellPath = /bin/sh;
			shellScript = "if which swiftlint >/dev/null; then\nswiftlint\nelse\necho \"warning: SwiftLint not installed, download from https://github.com/realm/SwiftLint\"\nfi";
		};
		90D33179A4B39305F83E8871 /* [CP] Embed Pods Frameworks */ = {
			isa = PBXShellScriptBuildPhase;
			buildActionMask = 2147483647;
			files = (
			);
			inputPaths = (
				"${SRCROOT}/Pods/Target Support Files/Pods-VirtualSPF/Pods-VirtualSPF-frameworks.sh",
				"${BUILT_PRODUCTS_DIR}/Alamofire/Alamofire.framework",
				"${BUILT_PRODUCTS_DIR}/LMGaugeView/LMGaugeView.framework",
				"${BUILT_PRODUCTS_DIR}/MBProgressHUD/MBProgressHUD.framework",
				"${BUILT_PRODUCTS_DIR}/Refresher/Refresher.framework",
				"${BUILT_PRODUCTS_DIR}/SwiftyJSON/SwiftyJSON.framework",
			);
			name = "[CP] Embed Pods Frameworks";
			outputPaths = (
				"${TARGET_BUILD_DIR}/${FRAMEWORKS_FOLDER_PATH}/Alamofire.framework",
				"${TARGET_BUILD_DIR}/${FRAMEWORKS_FOLDER_PATH}/LMGaugeView.framework",
				"${TARGET_BUILD_DIR}/${FRAMEWORKS_FOLDER_PATH}/MBProgressHUD.framework",
				"${TARGET_BUILD_DIR}/${FRAMEWORKS_FOLDER_PATH}/Refresher.framework",
				"${TARGET_BUILD_DIR}/${FRAMEWORKS_FOLDER_PATH}/SwiftyJSON.framework",
			);
			runOnlyForDeploymentPostprocessing = 0;
			shellPath = /bin/sh;
			shellScript = "\"${SRCROOT}/Pods/Target Support Files/Pods-VirtualSPF/Pods-VirtualSPF-frameworks.sh\"\n";
			showEnvVarsInLog = 0;
		};
/* End PBXShellScriptBuildPhase section */

/* Begin PBXSourcesBuildPhase section */
		75AABEB21B65A98B004E545E /* Sources */ = {
			isa = PBXSourcesBuildPhase;
			buildActionMask = 2147483647;
			files = (
				8B43B3961F8287CE00E1B7FE /* explainationView.swift in Sources */,
				07FFCF1E204A181100885B3E /* envVars.swift in Sources */,
				75AABEBE1B65A98B004E545E /* ViewController.swift in Sources */,
				75AABEBC1B65A98B004E545E /* AppDelegate.swift in Sources */,
				75AABF081B67DD0F004E545E /* MainCell.swift in Sources */,
				8B43B3A21F82A96800E1B7FE /* Constants.swift in Sources */,
				8B43B3A01F82A90200E1B7FE /* BaseViewController.swift in Sources */,
				8B43B3A41F82CBBA00E1B7FE /* sampleEnvVars.swift in Sources */,
				07BC26052055F84E0008ED92 /* ColorChooser.swift in Sources */,
				8B957DB8204D954500D0E8D0 /* Colors.swift in Sources */,
				8B43B39E1F829B8200E1B7FE /* timeConverter.swift in Sources */,
				75AABF141B683182004E545E /* info.swift in Sources */,
				8BA49D4D204D9CD3002FBC0E /* Explainations.swift in Sources */,
				8B43B3A61F82CD7B00E1B7FE /* weatherModel.swift in Sources */,
				75AABEF11B66A0C8004E545E /* UIColorExtension.swift in Sources */,
			);
			runOnlyForDeploymentPostprocessing = 0;
		};
		75FFA0121EDA702E008E8114 /* Sources */ = {
			isa = PBXSourcesBuildPhase;
			buildActionMask = 2147483647;
			files = (
				750138FE1EDAF098008FB7B9 /* infoTest.swift in Sources */,
				750138FC1EDAF078008FB7B9 /* explainationViewTests.swift in Sources */,
				75FFA0191EDA702E008E8114 /* mainViewControllerTests.swift in Sources */,
			);
			runOnlyForDeploymentPostprocessing = 0;
		};
/* End PBXSourcesBuildPhase section */

/* Begin PBXTargetDependency section */
		75FFA01C1EDA702E008E8114 /* PBXTargetDependency */ = {
			isa = PBXTargetDependency;
			target = 75AABEB51B65A98B004E545E /* VirtualSPF */;
			targetProxy = 75FFA01B1EDA702E008E8114 /* PBXContainerItemProxy */;
		};
/* End PBXTargetDependency section */

/* Begin PBXVariantGroup section */
		75AABEBF1B65A98B004E545E /* Main.storyboard */ = {
			isa = PBXVariantGroup;
			children = (
				75AABEC01B65A98B004E545E /* Base */,
			);
			name = Main.storyboard;
			sourceTree = "<group>";
		};
/* End PBXVariantGroup section */

/* Begin XCBuildConfiguration section */
		75AABED31B65A98B004E545E /* Debug */ = {
			isa = XCBuildConfiguration;
			buildSettings = {
				ALWAYS_SEARCH_USER_PATHS = NO;
				CLANG_CXX_LANGUAGE_STANDARD = "gnu++0x";
				CLANG_CXX_LIBRARY = "libc++";
				CLANG_ENABLE_MODULES = YES;
				CLANG_ENABLE_OBJC_ARC = YES;
				CLANG_WARN_BLOCK_CAPTURE_AUTORELEASING = YES;
				CLANG_WARN_BOOL_CONVERSION = YES;
				CLANG_WARN_COMMA = YES;
				CLANG_WARN_CONSTANT_CONVERSION = YES;
				CLANG_WARN_DEPRECATED_OBJC_IMPLEMENTATIONS = YES;
				CLANG_WARN_DIRECT_OBJC_ISA_USAGE = YES_ERROR;
				CLANG_WARN_EMPTY_BODY = YES;
				CLANG_WARN_ENUM_CONVERSION = YES;
				CLANG_WARN_INFINITE_RECURSION = YES;
				CLANG_WARN_INT_CONVERSION = YES;
				CLANG_WARN_NON_LITERAL_NULL_CONVERSION = YES;
				CLANG_WARN_OBJC_IMPLICIT_RETAIN_SELF = YES;
				CLANG_WARN_OBJC_LITERAL_CONVERSION = YES;
				CLANG_WARN_OBJC_ROOT_CLASS = YES_ERROR;
				CLANG_WARN_RANGE_LOOP_ANALYSIS = YES;
				CLANG_WARN_STRICT_PROTOTYPES = YES;
				CLANG_WARN_SUSPICIOUS_MOVE = YES;
				CLANG_WARN_UNREACHABLE_CODE = YES;
				CLANG_WARN__DUPLICATE_METHOD_MATCH = YES;
				CODE_SIGN_IDENTITY = "iPhone Distribution: Buhz LLC (RZQ9YBJK4A)";
				"CODE_SIGN_IDENTITY[sdk=iphoneos*]" = "iPhone Distribution: Buhz LLC (RZQ9YBJK4A)";
				COPY_PHASE_STRIP = NO;
				DEBUG_INFORMATION_FORMAT = "dwarf-with-dsym";
				ENABLE_STRICT_OBJC_MSGSEND = YES;
				ENABLE_TESTABILITY = YES;
				GCC_C_LANGUAGE_STANDARD = gnu99;
				GCC_DYNAMIC_NO_PIC = NO;
				GCC_NO_COMMON_BLOCKS = YES;
				GCC_OPTIMIZATION_LEVEL = 0;
				GCC_PREPROCESSOR_DEFINITIONS = (
					"DEBUG=1",
					"$(inherited)",
				);
				GCC_SYMBOLS_PRIVATE_EXTERN = NO;
				GCC_WARN_64_TO_32_BIT_CONVERSION = YES;
				GCC_WARN_ABOUT_RETURN_TYPE = YES_ERROR;
				GCC_WARN_UNDECLARED_SELECTOR = YES;
				GCC_WARN_UNINITIALIZED_AUTOS = YES_AGGRESSIVE;
				GCC_WARN_UNUSED_FUNCTION = YES;
				GCC_WARN_UNUSED_VARIABLE = YES;
				IPHONEOS_DEPLOYMENT_TARGET = 9.0;
				MTL_ENABLE_DEBUG_INFO = YES;
				ONLY_ACTIVE_ARCH = YES;
				PROVISIONING_PROFILE = "2b85b991-32c5-4803-97f3-7a31abdaa0ab";
				SDKROOT = iphoneos;
				SWIFT_OPTIMIZATION_LEVEL = "-Onone";
			};
			name = Debug;
		};
		75AABED41B65A98B004E545E /* Release */ = {
			isa = XCBuildConfiguration;
			buildSettings = {
				ALWAYS_SEARCH_USER_PATHS = NO;
				CLANG_CXX_LANGUAGE_STANDARD = "gnu++0x";
				CLANG_CXX_LIBRARY = "libc++";
				CLANG_ENABLE_MODULES = YES;
				CLANG_ENABLE_OBJC_ARC = YES;
				CLANG_WARN_BLOCK_CAPTURE_AUTORELEASING = YES;
				CLANG_WARN_BOOL_CONVERSION = YES;
				CLANG_WARN_COMMA = YES;
				CLANG_WARN_CONSTANT_CONVERSION = YES;
				CLANG_WARN_DEPRECATED_OBJC_IMPLEMENTATIONS = YES;
				CLANG_WARN_DIRECT_OBJC_ISA_USAGE = YES_ERROR;
				CLANG_WARN_EMPTY_BODY = YES;
				CLANG_WARN_ENUM_CONVERSION = YES;
				CLANG_WARN_INFINITE_RECURSION = YES;
				CLANG_WARN_INT_CONVERSION = YES;
				CLANG_WARN_NON_LITERAL_NULL_CONVERSION = YES;
				CLANG_WARN_OBJC_IMPLICIT_RETAIN_SELF = YES;
				CLANG_WARN_OBJC_LITERAL_CONVERSION = YES;
				CLANG_WARN_OBJC_ROOT_CLASS = YES_ERROR;
				CLANG_WARN_RANGE_LOOP_ANALYSIS = YES;
				CLANG_WARN_STRICT_PROTOTYPES = YES;
				CLANG_WARN_SUSPICIOUS_MOVE = YES;
				CLANG_WARN_UNREACHABLE_CODE = YES;
				CLANG_WARN__DUPLICATE_METHOD_MATCH = YES;
				CODE_SIGN_IDENTITY = "iPhone Distribution: Buhz LLC (RZQ9YBJK4A)";
				"CODE_SIGN_IDENTITY[sdk=iphoneos*]" = "iPhone Distribution: Buhz LLC (RZQ9YBJK4A)";
				COPY_PHASE_STRIP = NO;
				DEBUG_INFORMATION_FORMAT = "dwarf-with-dsym";
				ENABLE_NS_ASSERTIONS = NO;
				ENABLE_STRICT_OBJC_MSGSEND = YES;
				GCC_C_LANGUAGE_STANDARD = gnu99;
				GCC_NO_COMMON_BLOCKS = YES;
				GCC_WARN_64_TO_32_BIT_CONVERSION = YES;
				GCC_WARN_ABOUT_RETURN_TYPE = YES_ERROR;
				GCC_WARN_UNDECLARED_SELECTOR = YES;
				GCC_WARN_UNINITIALIZED_AUTOS = YES_AGGRESSIVE;
				GCC_WARN_UNUSED_FUNCTION = YES;
				GCC_WARN_UNUSED_VARIABLE = YES;
				IPHONEOS_DEPLOYMENT_TARGET = 9.0;
				MTL_ENABLE_DEBUG_INFO = NO;
				PROVISIONING_PROFILE = "2b85b991-32c5-4803-97f3-7a31abdaa0ab";
				SDKROOT = iphoneos;
				SWIFT_OPTIMIZATION_LEVEL = "-Owholemodule";
				VALIDATE_PRODUCT = YES;
			};
			name = Release;
		};
		75AABED61B65A98B004E545E /* Debug */ = {
			isa = XCBuildConfiguration;
			baseConfigurationReference = 35731168A6B979C593462EDA /* Pods-VirtualSPF.debug.xcconfig */;
			buildSettings = {
				ALWAYS_EMBED_SWIFT_STANDARD_LIBRARIES = YES;
				ASSETCATALOG_COMPILER_APPICON_NAME = AppIcon;
				CODE_SIGN_IDENTITY = "iPhone Developer";
				"CODE_SIGN_IDENTITY[sdk=iphoneos*]" = "iPhone Developer";
				FRAMEWORK_SEARCH_PATHS = (
					"$(inherited)",
					"$(PROJECT_DIR)/build/Debug-iphoneos",
				);
				INFOPLIST_FILE = VirtualSPF/Info.plist;
				IPHONEOS_DEPLOYMENT_TARGET = 10.0;
				LD_RUNPATH_SEARCH_PATHS = "$(inherited) @executable_path/Frameworks";
				PRODUCT_BUNDLE_IDENTIFIER = "com.bretty.$(PRODUCT_NAME:rfc1034identifier)";
				PRODUCT_NAME = "$(TARGET_NAME)";
				PROVISIONING_PROFILE = "";
				SDKROOT = iphoneos;
				SWIFT_SWIFT3_OBJC_INFERENCE = On;
				SWIFT_VERSION = 4.0;
				TARGETED_DEVICE_FAMILY = 1;
			};
			name = Debug;
		};
		75AABED71B65A98B004E545E /* Release */ = {
			isa = XCBuildConfiguration;
			baseConfigurationReference = B5447F8761D6943C5372B758 /* Pods-VirtualSPF.release.xcconfig */;
			buildSettings = {
				ALWAYS_EMBED_SWIFT_STANDARD_LIBRARIES = YES;
				ASSETCATALOG_COMPILER_APPICON_NAME = AppIcon;
				CODE_SIGN_IDENTITY = "iPhone Developer";
				"CODE_SIGN_IDENTITY[sdk=iphoneos*]" = "iPhone Developer";
				FRAMEWORK_SEARCH_PATHS = (
					"$(inherited)",
					"$(PROJECT_DIR)/build/Debug-iphoneos",
				);
				INFOPLIST_FILE = VirtualSPF/Info.plist;
				IPHONEOS_DEPLOYMENT_TARGET = 10.0;
				LD_RUNPATH_SEARCH_PATHS = "$(inherited) @executable_path/Frameworks";
				PRODUCT_BUNDLE_IDENTIFIER = "com.bretty.$(PRODUCT_NAME:rfc1034identifier)";
				PRODUCT_NAME = "$(TARGET_NAME)";
				PROVISIONING_PROFILE = "";
				SDKROOT = iphoneos;
				SWIFT_SWIFT3_OBJC_INFERENCE = On;
				SWIFT_VERSION = 4.0;
				TARGETED_DEVICE_FAMILY = 1;
			};
			name = Release;
		};
		75FFA01D1EDA702E008E8114 /* Debug */ = {
			isa = XCBuildConfiguration;
			baseConfigurationReference = 9C54844C95474E9FFFD77573 /* Pods-VirtualSPFTests.debug.xcconfig */;
			buildSettings = {
				BUNDLE_LOADER = "$(TEST_HOST)";
				CLANG_ANALYZER_NONNULL = YES;
				CLANG_ANALYZER_NUMBER_OBJECT_CONVERSION = YES_AGGRESSIVE;
				CLANG_WARN_DOCUMENTATION_COMMENTS = YES;
				CODE_SIGN_IDENTITY = "iPhone Developer: Brett  McIsaac (LF3NWTXHAL)";
				"CODE_SIGN_IDENTITY[sdk=iphoneos*]" = "iPhone Developer";
				DEBUG_INFORMATION_FORMAT = dwarf;
				DEVELOPMENT_TEAM = RZQ9YBJK4A;
				INFOPLIST_FILE = VirtualSPFTests/Info.plist;
				IPHONEOS_DEPLOYMENT_TARGET = 10.3;
				LD_RUNPATH_SEARCH_PATHS = "$(inherited) @executable_path/Frameworks @loader_path/Frameworks";
				PRODUCT_BUNDLE_IDENTIFIER = buhz.brett.VirtualSPFTests;
				PRODUCT_NAME = "$(TARGET_NAME)";
				PROVISIONING_PROFILE = "";
				SWIFT_ACTIVE_COMPILATION_CONDITIONS = DEBUG;
				SWIFT_SWIFT3_OBJC_INFERENCE = On;
				SWIFT_VERSION = 4.0;
				TEST_HOST = "$(BUILT_PRODUCTS_DIR)/VirtualSPF.app/VirtualSPF";
			};
			name = Debug;
		};
		75FFA01E1EDA702E008E8114 /* Release */ = {
			isa = XCBuildConfiguration;
			baseConfigurationReference = 8D9D14418DBED009F0A10B6C /* Pods-VirtualSPFTests.release.xcconfig */;
			buildSettings = {
				BUNDLE_LOADER = "$(TEST_HOST)";
				CLANG_ANALYZER_NONNULL = YES;
				CLANG_ANALYZER_NUMBER_OBJECT_CONVERSION = YES_AGGRESSIVE;
				CLANG_WARN_DOCUMENTATION_COMMENTS = YES;
				CODE_SIGN_IDENTITY = "iPhone Developer: Brett  McIsaac (LF3NWTXHAL)";
				"CODE_SIGN_IDENTITY[sdk=iphoneos*]" = "iPhone Developer";
				DEVELOPMENT_TEAM = RZQ9YBJK4A;
				INFOPLIST_FILE = VirtualSPFTests/Info.plist;
				IPHONEOS_DEPLOYMENT_TARGET = 10.3;
				LD_RUNPATH_SEARCH_PATHS = "$(inherited) @executable_path/Frameworks @loader_path/Frameworks";
				PRODUCT_BUNDLE_IDENTIFIER = buhz.brett.VirtualSPFTests;
				PRODUCT_NAME = "$(TARGET_NAME)";
				PROVISIONING_PROFILE = "";
				SWIFT_SWIFT3_OBJC_INFERENCE = On;
				SWIFT_VERSION = 4.0;
				TEST_HOST = "$(BUILT_PRODUCTS_DIR)/VirtualSPF.app/VirtualSPF";
			};
			name = Release;
		};
/* End XCBuildConfiguration section */

/* Begin XCConfigurationList section */
		75AABEB11B65A98B004E545E /* Build configuration list for PBXProject "VirtualSPF" */ = {
			isa = XCConfigurationList;
			buildConfigurations = (
				75AABED31B65A98B004E545E /* Debug */,
				75AABED41B65A98B004E545E /* Release */,
			);
			defaultConfigurationIsVisible = 0;
			defaultConfigurationName = Release;
		};
		75AABED51B65A98B004E545E /* Build configuration list for PBXNativeTarget "VirtualSPF" */ = {
			isa = XCConfigurationList;
			buildConfigurations = (
				75AABED61B65A98B004E545E /* Debug */,
				75AABED71B65A98B004E545E /* Release */,
			);
			defaultConfigurationIsVisible = 0;
			defaultConfigurationName = Release;
		};
		75FFA01F1EDA702E008E8114 /* Build configuration list for PBXNativeTarget "VirtualSPFTests" */ = {
			isa = XCConfigurationList;
			buildConfigurations = (
				75FFA01D1EDA702E008E8114 /* Debug */,
				75FFA01E1EDA702E008E8114 /* Release */,
			);
			defaultConfigurationIsVisible = 0;
			defaultConfigurationName = Release;
		};
/* End XCConfigurationList section */
	};
	rootObject = 75AABEAE1B65A98B004E545E /* Project object */;
}
