PODS:
  - Alamofire (4.8.2)
  - Alamofire-SwiftyJSON (3.0.0):
    - Alamofire (~> 4.5)
    - SwiftyJSON (~> 4.0.0)
  - LMGaugeView (1.0.3)
  - MBProgressHUD (0.9.2)
  - Refresher (0.7.0)
  - SwiftyJSON (4.0.0)

DEPENDENCIES:
  - Alamofire (~> 4.7)
  - Alamofire-SwiftyJSON
  - LMGaugeView
  - MBProgressHUD (~> 0.8)
  - Refresher

SPEC REPOS:
  https://github.com/cocoapods/specs.git:
    - Alamofire
    - Alamofire-SwiftyJSON
    - LMGaugeView
    - MBProgressHUD
    - Refresher
    - SwiftyJSON

SPEC CHECKSUMS:
  Alamofire: ae5c501addb7afdbb13687d7f2f722c78734c2d3
  Alamofire-SwiftyJSON: 2b3649d57dc7bb2880fb8b86f8bb969397666916
  LMGaugeView: 043dfe2a51abf37c87fdda22837fd1af0531c478
  MBProgressHUD: 1569cf7ace17a8bac47aabfbb8580a49690386d1
  Refresher: a72fdd35f0e1854d787eb5eb6853dd3f6d81c1e5
  SwiftyJSON: 070dabdcb1beb81b247c65ffa3a79dbbfb3b48aa

PODFILE CHECKSUM: 752fa92748eeadf41e5bc666ed566aeaf6d29b85

COCOAPODS: 1.5.3
